github.com/aws/aws-sdk-go v1.12.70 h1:rMdb/jACFOE7uJ6govc9kS6rzytrRnW2H2NHBCwkowE=
github.com/aws/aws-sdk-go v1.12.70/go.mod h1:ZRmQr0FajVIyZ4ZzBYKG5P3ZqPz9IHG41ZoMu1ADI3k=
github.com/beorn7/perks v0.0.0-20160804104726-4c0e84591b9a h1:BtpsbiV638WQZwhA98cEZw2BsbnQJrbd0BI7tsy0W1c=
github.com/beorn7/perks v0.0.0-20160804104726-4c0e84591b9a/go.mod h1:Dwedo/Wpr24TaqPxmxbtue+5NUziq4I4S80YR8gNf3Q=
github.com/codegangsta/negroni v0.3.0 h1:ByBtJaE0u71x6Ebli7lm95c8oCkrmF88+s5qB2o6j8I=
github.com/codegangsta/negroni v0.3.0/go.mod h1:v0y3T5G7Y1UlFfyxFn/QLRU4a2EuNau2iZY63YTKWo0=
github.com/davecgh/go-spew v1.1.0 h1:ZDRjVQ15GmhC3fiQ8ni8+OwkZQO4DARzQgrnXU1Liz8=
github.com/davecgh/go-spew v1.1.0/go.mod h1:J7Y8YcW2NihsgmVo/mv3lAwl/skON4iLHjSsI+c5H38=
github.com/go-ini/ini v1.32.0 h1:/MArBHSS0TFR28yPPDK1vPIjt4wUnPBfb81i6iiyKvA=
github.com/go-ini/ini v1.32.0/go.mod h1:ByCAeIL28uOIIG0E3PJtZPDL8WnHpFKFOtgjp+3Ies8=
github.com/golang/protobuf v1.0.0 h1:lsek0oXi8iFE9L+EXARyHIjU5rlWIhhTkjDz3vHhWWQ=
github.com/golang/protobuf v1.0.0/go.mod h1:6lQm79b+lXiMfvg/cZm0SGofjICqVBUtrP5yJMmIC1U=
github.com/google/shlex v0.0.0-20150127133951-6f45313302b9 h1:JM174NTeGNJ2m/oLH3UOWOvWQQKd+BoL3hcSCUWFLt0=
github.com/google/shlex v0.0.0-20150127133951-6f45313302b9/go.mod h1:RpwtwJQFrIEPstU94h88MWPXP2ektJZ8cZ0YntAmXiE=
github.com/hashicorp/errwrap v0.0.0-20141028054710-7554cd9344ce h1:prjrVgOk2Yg6w+PflHoszQNLTUh4kaByUcEWM/9uin4=
github.com/hashicorp/errwrap v0.0.0-20141028054710-7554cd9344ce/go.mod h1:YH+1FKiLXxHSkmPseP+kNlulaMuP3n2brvKWEqk/Jc4=
github.com/hashicorp/go-multierror v0.0.0-20171204182908-b7773ae21874 h1:em+tTnzgU7N22woTBMcSJAOW7tRHAkK597W+MD/CpK8=
github.com/hashicorp/go-multierror v0.0.0-20171204182908-b7773ae21874/go.mod h1:JMRHfdO9jKNzS/+BTlxCjKNQHg/jZAft8U7LloJvN7I=
github.com/jessevdk/go-flags v1.3.0 h1:QmKsgik/Z5fJ11ZtlcA8F+XW9dNybBNFQ1rngF3MmdU=
github.com/jessevdk/go-flags v1.3.0/go.mod h1:4FA24M0QyGHXBuZZK/XkWh8h0e1EYbRYJSGM75WSRxI=
github.com/jmespath/go-jmespath v0.0.0-20160202185014-0b12d6b521d8 h1:12VvqtR6Aowv3l/EQUlocDHW2Cp4G9WJVH7uyH8QFJE=
github.com/jmespath/go-jmespath v0.0.0-20160202185014-0b12d6b521d8/go.mod h1:Nht3zPeWKUH0NzdCt2Blrr5ys8VGpn0CEB0cQHVjt7k=
github.com/jmoiron/sqlx v0.0.0-20180124204410-05cef0741ade h1:ryslCsfLTV4Cm/9NXqCJirlbYodWqFiTH454IaSn/fY=
github.com/jmoiron/sqlx v0.0.0-20180124204410-05cef0741ade/go.mod h1:IiEW3SEiiErVyFdH8NTuWjSifiEQKUoyK3LNqr2kCHU=
github.com/julienschmidt/httprouter v1.1.1-0.20171027133709-e1b9828bc9e5 h1:vgogMEdBvOjfsG8GZCKUZgOgYvVN+DNmDU1e5Vixvpo=
github.com/julienschmidt/httprouter v1.1.1-0.20171027133709-e1b9828bc9e5/go.mod h1:SYymIcj16QtmaHHD7aYtjjsJG7VTCxuUUipMqKk8s4w=
github.com/lib/pq v0.0.0-20180123210206-19c8e9ad0095 h1:Do4XI4HSm+8jdo6z1Zk0CQDgqoAMwWew3ksTcDDSWiA=
github.com/lib/pq v0.0.0-20180123210206-19c8e9ad0095/go.mod h1:5WUZQaWbwv1U+lTReE5YruASi9Al49XbQIvNi/34Woo=
github.com/matttproud/golang_protobuf_extensions v1.0.0 h1:YNOwxxSJzSUARoD9KRZLzM9Y858MNGCOACTvCW9TSAc=
github.com/matttproud/golang_protobuf_extensions v1.0.0/go.mod h1:D8He9yQNgCq6Z5Ld7szi9bcBfOoFv/3dc6xSMkL2PC0=
github.com/pkg/errors v0.8.0 h1:WdK/asTD0HN+q6hsWO3/vpuAkAr+tw6aNJNDFFf0+qw=
github.com/pkg/errors v0.8.0/go.mod h1:bwawxfHBFNV+L2hUp1rHADufV3IMtnDRdf1r5NINEl0=
github.com/pmezard/go-difflib v1.0.0 h1:4DBwDE0NGyQoBHbLQYPwSUPoCMWR5BEzIk/f1lZbAQM=
github.com/pmezard/go-difflib v1.0.0/go.mod h1:iKH77koFhYxTK1pcRnkKkqfTogsbg7gZNVY4sRDYZ/4=
github.com/prometheus/client_golang v0.9.0-pre1.0.20180120141031-06bc6e01f4ba h1:DwrBl1xgpiljhPfa6s3Hs2oiu1qdSNX36lbhHmA4oHM=
github.com/prometheus/client_golang v0.9.0-pre1.0.20180120141031-06bc6e01f4ba/go.mod h1:7SWBe2y4D6OKWSNQJUaRYU/AaXPKyh/dDVn+NZz0KFw=
github.com/prometheus/client_model v0.0.0-20171117100541-99fa1f4be8e5 h1:cLL6NowurKLMfCeQy4tIeph12XNQWgANCNvdyrOYKV4=
github.com/prometheus/client_model v0.0.0-20171117100541-99fa1f4be8e5/go.mod h1:MbSGuTsp3dbXC40dX6PRTWyKYBIrTGTE9sqQNg2J8bo=
github.com/prometheus/common v0.0.0-20180110214958-89604d197083 h1:BVsJT8+ZbyuL3hypz/HmEiM8h2P6hBQGig4el9/MdjA=
github.com/prometheus/common v0.0.0-20180110214958-89604d197083/go.mod h1:daVV7qP5qjZbuso7PdcryaAu0sAZbrN9i7WWcTMWvro=
github.com/prometheus/procfs v0.0.0-20180125133057-cb4147076ac7 h1:hhvfGDVThBnd4kYisSFmYuHYeUhglxcwag7FhVPH9zM=
github.com/prometheus/procfs v0.0.0-20180125133057-cb4147076ac7/go.mod h1:c3At6R/oaqEKCNdg8wHV1ftS6bRYblBhIjjI8uT2IGk=
github.com/stretchr/testify v1.2.0 h1:LThGCOvhuJic9Gyd1VBCkhyUXmO8vKaBFvBsJ2k03rg=
github.com/stretchr/testify v1.2.0/go.mod h1:a8OnRcib4nhh0OaRAV+Yts87kKdq0PP7pXfy6kDkUVs=
github.com/thomasdesr/go-shorten v0.1.0/go.mod h1:gb5HaI3o1MtATwealf5guWhTRrl0weorxkiPqYvfW/k=
